
Microsoft Visual Studio Solution File, Format Version 12.00
# Visual Studio Version 16
VisualStudioVersion = 16.0.30406.217
MinimumVisualStudioVersion = 10.0.40219.1
Project("{FAE04EC0-301F-11D3-BF4B-00C04F79EFBC}") = "MyList", "MyList\MyList.csproj", "{959DB87C-4FF1-4DA4-B9F3-E8150EB4A3CC}"
EndProject
Global
	GlobalSection(SolutionConfigurationPlatforms) = preSolution
		Debug|Any CPU = Debug|Any CPU
		Release|Any CPU = Release|Any CPU
	EndGlobalSection
	GlobalSection(ProjectConfigurationPlatforms) = postSolution
		{959DB87C-4FF1-4DA4-B9F3-E8150EB4A3CC}.Debug|Any CPU.ActiveCfg = Debug|Any CPU
		{959DB87C-4FF1-4DA4-B9F3-E8150EB4A3CC}.Debug|Any CPU.Build.0 = Debug|Any CPU
		{959DB87C-4FF1-4DA4-B9F3-E8150EB4A3CC}.Release|Any CPU.ActiveCfg = Release|Any CPU
		{959DB87C-4FF1-4DA4-B9F3-E8150EB4A3CC}.Release|Any CPU.Build.0 = Release|Any CPU
	EndGlobalSection
	GlobalSection(SolutionProperties) = preSolution
		HideSolutionNode = FALSE
	EndGlobalSection
	GlobalSection(ExtensibilityGlobals) = postSolution
		SolutionGuid = {C5A25E0B-2AC1-4481-ADC9-863044475F7C}
	EndGlobalSection
EndGlobal
